<?xml version="1.0" encoding="utf-8"?>
<Project ToolsVersion="4.0" xmlns="http://schemas.microsoft.com/developer/msbuild/2003">
  <ItemGroup>
    <Filter Include="GUI">
      <UniqueIdentifier>{d39a174b-c67a-40be-8520-7b658663cf96}</UniqueIdentifier>
    </Filter>
    <Filter Include="Util">
      <UniqueIdentifier>{f954909d-0f97-400d-9b95-60ffea3415b1}</UniqueIdentifier>
    </Filter>
    <Filter Include="Model">
      <UniqueIdentifier>{af055974-a56a-450d-9892-90af525a6e07}</UniqueIdentifier>
    </Filter>
    <Filter Include="Collection">
      <UniqueIdentifier>{70b295e4-08af-4950-8cf3-a88424f60acf}</UniqueIdentifier>
    </Filter>
    <Filter Include="Collection\List">
      <UniqueIdentifier>{416230c9-1a80-4241-8437-e4544d039ecb}</UniqueIdentifier>
    </Filter>
    <Filter Include="Collection\Trees">
      <UniqueIdentifier>{0f112123-41ec-4f0e-b510-0e27f7ce1e6b}</UniqueIdentifier>
    </Filter>
    <Filter Include="Collection\Stack &amp; Queue">
      <UniqueIdentifier>{7fd77488-3c70-4c8d-940c-9dedbce87c1f}</UniqueIdentifier>
    </Filter>
    <Filter Include="Util\FileIO">
      <UniqueIdentifier>{97572909-86b3-47cf-8169-a99982d8acdc}</UniqueIdentifier>
    </Filter>
    <Filter Include="Util\Hash">
      <UniqueIdentifier>{cfeb4e6f-de33-407a-9219-f4d9d887526f}</UniqueIdentifier>
    </Filter>
    <Filter Include="Util\Math">
      <UniqueIdentifier>{6e4da471-3d23-481c-b1ba-b82671d975c0}</UniqueIdentifier>
    </Filter>
    <Filter Include="Util\String">
      <UniqueIdentifier>{26a68ba7-84d5-4a1c-96e8-6e877b04ba15}</UniqueIdentifier>
    </Filter>
    <Filter Include="Collection\Dictionary">
      <UniqueIdentifier>{ea9a1aba-37ba-44f8-bcf3-d4d21e2bfdd8}</UniqueIdentifier>
    </Filter>
    <Filter Include="Exception">
      <UniqueIdentifier>{129e41f7-88f9-4042-96cc-de1efc424ced}</UniqueIdentifier>
    </Filter>
    <Filter Include="Util\SortUtil">
      <UniqueIdentifier>{714202d3-ac13-4039-846a-b1fd3d8d5678}</UniqueIdentifier>
    </Filter>
  </ItemGroup>
  <ItemGroup>
    <ClInclude Include="head_node.h">
      <Filter>Collection\List</Filter>
    </ClInclude>
    <ClInclude Include="link_node.h">
      <Filter>Collection\List</Filter>
    </ClInclude>
    <ClInclude Include="linked_list.h">
      <Filter>Collection\List</Filter>
    </ClInclude>
    <ClInclude Include="List.h">
      <Filter>Collection\List</Filter>
    </ClInclude>
    <ClInclude Include="queue.h">
      <Filter>Collection\Stack &amp; Queue</Filter>
    </ClInclude>
    <ClInclude Include="queue_interface.h">
      <Filter>Collection\Stack &amp; Queue</Filter>
    </ClInclude>
    <ClInclude Include="ListInterface.h">
      <Filter>Collection\List</Filter>
    </ClInclude>
    <ClInclude Include="MathUtil.h">
      <Filter>Util\Math</Filter>
    </ClInclude>
    <ClInclude Include="HashUtil.h">
      <Filter>Util\Hash</Filter>
    </ClInclude>
    <ClInclude Include="GUI.h">
      <Filter>GUI</Filter>
    </ClInclude>
    <ClInclude Include="StringUtil.h">
      <Filter>Util\String</Filter>
    </ClInclude>
    <ClInclude Include="HashTable.h">
      <Filter>Collection\Dictionary</Filter>
    </ClInclude>
    <ClInclude Include="HashTableNode.h">
      <Filter>Collection\Dictionary</Filter>
    </ClInclude>
    <ClInclude Include="FileIO.h">
      <Filter>Util\FileIO</Filter>
    </ClInclude>
    <ClInclude Include="Movie.h">
      <Filter>Model</Filter>
    </ClInclude>
    <ClInclude Include="menu.h">
      <Filter>GUI</Filter>
    </ClInclude>
    <ClInclude Include="menu_dialog.h">
      <Filter>GUI</Filter>
    </ClInclude>
    <ClInclude Include="stack.h">
      <Filter>Collection\Stack &amp; Queue</Filter>
    </ClInclude>
    <ClInclude Include="stack_interface.h">
      <Filter>Collection\Stack &amp; Queue</Filter>
    </ClInclude>
    <ClInclude Include="NotIMDB_Database.h">
      <Filter>Model</Filter>
    </ClInclude>
    <ClInclude Include="NotFoundException.h">
      <Filter>Exception</Filter>
    </ClInclude>
    <ClInclude Include="PrecondViolatedExcep.h">
      <Filter>Exception</Filter>
    </ClInclude>
    <ClInclude Include="BST_node_pair.h">
      <Filter>Collection\Trees</Filter>
    </ClInclude>
    <ClInclude Include="BNT_pair.h">
      <Filter>Collection\Trees</Filter>
    </ClInclude>
    <ClInclude Include="BST_pair.h">
      <Filter>Collection\Trees</Filter>
    </ClInclude>
    <ClInclude Include="pair.h">
      <Filter>Collection\List</Filter>
    </ClInclude>
    <ClInclude Include="SortAlgos.h">
      <Filter>Util\SortUtil</Filter>
    </ClInclude>
  </ItemGroup>
  <ItemGroup>
    <ClCompile Include="MathUtil.cpp">
      <Filter>Util\Math</Filter>
    </ClCompile>
    <ClCompile Include="HashUtil.cpp">
      <Filter>Util\Hash</Filter>
    </ClCompile>
    <ClCompile Include="GUI.cpp">
      <Filter>GUI</Filter>
    </ClCompile>
    <ClCompile Include="StringUtil.cpp">
      <Filter>Util\String</Filter>
    </ClCompile>
    <ClCompile Include="FileIO.cpp">
      <Filter>Util\FileIO</Filter>
    </ClCompile>
    <ClCompile Include="Movie.cpp">
      <Filter>Model</Filter>
    </ClCompile>
    <ClCompile Include="menu.cpp">
      <Filter>GUI</Filter>
    </ClCompile>
    <ClCompile Include="Main.cpp" />
    <ClCompile Include="NotIMDB_Database.cpp">
      <Filter>Model</Filter>
    </ClCompile>
    <ClCompile Include="NotFoundException.cpp">
      <Filter>Exception</Filter>
    </ClCompile>
    <ClCompile Include="PrecondViolatedExcep.cpp">
      <Filter>Exception</Filter>
    </ClCompile>
    <ClCompile Include="CustomException.cpp">
      <Filter>Exception</Filter>
    </ClCompile>
  </ItemGroup>
  <ItemGroup>
    <Text Include="primes2.txt">
      <Filter>Collection\Dictionary</Filter>
    </Text>
    <Text Include="reference primes">
      <Filter>Collection\Dictionary</Filter>
    </Text>
  </ItemGroup>
</Project>